
Microsoft Visual Studio Solution File, Format Version 12.00
# Visual Studio Version 16
VisualStudioVersion = 16.0.31321.278
MinimumVisualStudioVersion = 10.0.40219.1
Project("{FAE04EC0-301F-11D3-BF4B-00C04F79EFBC}") = "CountDownTimer", "CountDownTimer\CountDownTimer.csproj", "{4DBC4438-25FB-4532-B6E6-BFF55E9C0A74}"
EndProject
Global
	GlobalSection(SolutionConfigurationPlatforms) = preSolution
		Debug|Any CPU = Debug|Any CPU
		Release|Any CPU = Release|Any CPU
	EndGlobalSection
	GlobalSection(ProjectConfigurationPlatforms) = postSolution
		{4DBC4438-25FB-4532-B6E6-BFF55E9C0A74}.Debug|Any CPU.ActiveCfg = Debug|Any CPU
		{4DBC4438-25FB-4532-B6E6-BFF55E9C0A74}.Debug|Any CPU.Build.0 = Debug|Any CPU
		{4DBC4438-25FB-4532-B6E6-BFF55E9C0A74}.Release|Any CPU.ActiveCfg = Release|Any CPU
		{4DBC4438-25FB-4532-B6E6-BFF55E9C0A74}.Release|Any CPU.Build.0 = Release|Any CPU
	EndGlobalSection
	GlobalSection(SolutionProperties) = preSolution
		HideSolutionNode = FALSE
	EndGlobalSection
	GlobalSection(ExtensibilityGlobals) = postSolution
		SolutionGuid = {4FA4CE78-5A43-4E29-BA60-7ED2A61F8E15}
	EndGlobalSection
EndGlobal
